
Microsoft Visual Studio Solution File, Format Version 12.00
# Visual Studio Version 17
VisualStudioVersion = 17.7.34024.191
MinimumVisualStudioVersion = 10.0.40219.1
Project("{FAE04EC0-301F-11D3-BF4B-00C04F79EFBC}") = "TheBlogProject", "TheBlogProject\TheBlogProject.csproj", "{A0DB0374-3859-4AA6-99F9-97D1397EDED2}"
EndProject
Global
	GlobalSection(SolutionConfigurationPlatforms) = preSolution
		Debug|Any CPU = Debug|Any CPU
		Release|Any CPU = Release|Any CPU
	EndGlobalSection
	GlobalSection(ProjectConfigurationPlatforms) = postSolution
		{A0DB0374-3859-4AA6-99F9-97D1397EDED2}.Debug|Any CPU.ActiveCfg = Debug|Any CPU
		{A0DB0374-3859-4AA6-99F9-97D1397EDED2}.Debug|Any CPU.Build.0 = Debug|Any CPU
		{A0DB0374-3859-4AA6-99F9-97D1397EDED2}.Release|Any CPU.ActiveCfg = Release|Any CPU
		{A0DB0374-3859-4AA6-99F9-97D1397EDED2}.Release|Any CPU.Build.0 = Release|Any CPU
	EndGlobalSection
	GlobalSection(SolutionProperties) = preSolution
		HideSolutionNode = FALSE
	EndGlobalSection
	GlobalSection(ExtensibilityGlobals) = postSolution
		SolutionGuid = {638785E3-BFA4-4157-B7A4-46077B2F8248}
	EndGlobalSection
EndGlobal
